// !$*UTF8*$!
{
	archiveVersion = 1;
	classes = {
	};
	objectVersion = 50;
	objects = {

/* Begin PBXBuildFile section */
		33D46B8827A2869B0061B9D4 /* Main.storyboard in Resources */ = {isa = PBXBuildFile; fileRef = C17B90ED26BBFDC600C99DD6 /* Main.storyboard */; };
		C17B90E826BBFDC600C99DD6 /* AppDelegate.swift in Sources */ = {isa = PBXBuildFile; fileRef = C17B90E726BBFDC600C99DD6 /* AppDelegate.swift */; };
		C17B90EA26BBFDC600C99DD6 /* SceneDelegate.swift in Sources */ = {isa = PBXBuildFile; fileRef = C17B90E926BBFDC600C99DD6 /* SceneDelegate.swift */; };
		C17B90F126BBFDC800C99DD6 /* Assets.xcassets in Resources */ = {isa = PBXBuildFile; fileRef = C17B90F026BBFDC800C99DD6 /* Assets.xcassets */; };
		C17B90F426BBFDC800C99DD6 /* LaunchScreen.storyboard in Resources */ = {isa = PBXBuildFile; fileRef = C17B90F226BBFDC800C99DD6 /* LaunchScreen.storyboard */; };
		C17B90FF26BBFDC800C99DD6 /* Demo0805Tests.swift in Sources */ = {isa = PBXBuildFile; fileRef = C17B90FE26BBFDC800C99DD6 /* Demo0805Tests.swift */; };
		C17B910A26BBFDC800C99DD6 /* Demo0805UITests.swift in Sources */ = {isa = PBXBuildFile; fileRef = C17B910926BBFDC800C99DD6 /* Demo0805UITests.swift */; };
		C17B911826BD27FD00C99DD6 /* QuestionArray.swift in Sources */ = {isa = PBXBuildFile; fileRef = C17B911726BD27FD00C99DD6 /* QuestionArray.swift */; };
		C17B911A26BD2D7800C99DD6 /* StartViewController.swift in Sources */ = {isa = PBXBuildFile; fileRef = C17B911926BD2D7800C99DD6 /* StartViewController.swift */; };
		C17B911C26BD579900C99DD6 /* QuestionsViewController.swift in Sources */ = {isa = PBXBuildFile; fileRef = C17B911B26BD579900C99DD6 /* QuestionsViewController.swift */; };
		C17B912026BFBD7200C99DD6 /* ScoreViewController.swift in Sources */ = {isa = PBXBuildFile; fileRef = C17B911F26BFBD7200C99DD6 /* ScoreViewController.swift */; };
/* End PBXBuildFile section */

/* Begin PBXContainerItemProxy section */
		C17B90FB26BBFDC800C99DD6 /* PBXContainerItemProxy */ = {
			isa = PBXContainerItemProxy;
			containerPortal = C17B90DC26BBFDC600C99DD6 /* Project object */;
			proxyType = 1;
			remoteGlobalIDString = C17B90E326BBFDC600C99DD6;
			remoteInfo = Demo0805;
		};
		C17B910626BBFDC800C99DD6 /* PBXContainerItemProxy */ = {
			isa = PBXContainerItemProxy;
			containerPortal = C17B90DC26BBFDC600C99DD6 /* Project object */;
			proxyType = 1;
			remoteGlobalIDString = C17B90E326BBFDC600C99DD6;
			remoteInfo = Demo0805;
		};
/* End PBXContainerItemProxy section */

/* Begin PBXFileReference section */
		C17B90E426BBFDC600C99DD6 /* Demo0805.app */ = {isa = PBXFileReference; explicitFileType = wrapper.application; includeInIndex = 0; path = Demo0805.app; sourceTree = BUILT_PRODUCTS_DIR; };
		C17B90E726BBFDC600C99DD6 /* AppDelegate.swift */ = {isa = PBXFileReference; lastKnownFileType = sourcecode.swift; path = AppDelegate.swift; sourceTree = "<group>"; };
		C17B90E926BBFDC600C99DD6 /* SceneDelegate.swift */ = {isa = PBXFileReference; lastKnownFileType = sourcecode.swift; path = SceneDelegate.swift; sourceTree = "<group>"; };
		C17B90EE26BBFDC600C99DD6 /* Base */ = {isa = PBXFileReference; lastKnownFileType = file.storyboard; name = Base; path = Base.lproj/Main.storyboard; sourceTree = "<group>"; };
		C17B90F026BBFDC800C99DD6 /* Assets.xcassets */ = {isa = PBXFileReference; lastKnownFileType = folder.assetcatalog; path = Assets.xcassets; sourceTree = "<group>"; };
		C17B90F326BBFDC800C99DD6 /* Base */ = {isa = PBXFileReference; lastKnownFileType = file.storyboard; name = Base; path = Base.lproj/LaunchScreen.storyboard; sourceTree = "<group>"; };
		C17B90F526BBFDC800C99DD6 /* Info.plist */ = {isa = PBXFileReference; lastKnownFileType = text.plist.xml; path = Info.plist; sourceTree = "<group>"; };
		C17B90FA26BBFDC800C99DD6 /* Demo0805Tests.xctest */ = {isa = PBXFileReference; explicitFileType = wrapper.cfbundle; includeInIndex = 0; path = Demo0805Tests.xctest; sourceTree = BUILT_PRODUCTS_DIR; };
		C17B90FE26BBFDC800C99DD6 /* Demo0805Tests.swift */ = {isa = PBXFileReference; lastKnownFileType = sourcecode.swift; path = Demo0805Tests.swift; sourceTree = "<group>"; };
		C17B910026BBFDC800C99DD6 /* Info.plist */ = {isa = PBXFileReference; lastKnownFileType = text.plist.xml; path = Info.plist; sourceTree = "<group>"; };
		C17B910526BBFDC800C99DD6 /* Demo0805UITests.xctest */ = {isa = PBXFileReference; explicitFileType = wrapper.cfbundle; includeInIndex = 0; path = Demo0805UITests.xctest; sourceTree = BUILT_PRODUCTS_DIR; };
		C17B910926BBFDC800C99DD6 /* Demo0805UITests.swift */ = {isa = PBXFileReference; lastKnownFileType = sourcecode.swift; path = Demo0805UITests.swift; sourceTree = "<group>"; };
		C17B910B26BBFDC800C99DD6 /* Info.plist */ = {isa = PBXFileReference; lastKnownFileType = text.plist.xml; path = Info.plist; sourceTree = "<group>"; };
		C17B911726BD27FD00C99DD6 /* QuestionArray.swift */ = {isa = PBXFileReference; lastKnownFileType = sourcecode.swift; path = QuestionArray.swift; sourceTree = "<group>"; };
		C17B911926BD2D7800C99DD6 /* StartViewController.swift */ = {isa = PBXFileReference; lastKnownFileType = sourcecode.swift; path = StartViewController.swift; sourceTree = "<group>"; };
		C17B911B26BD579900C99DD6 /* QuestionsViewController.swift */ = {isa = PBXFileReference; lastKnownFileType = sourcecode.swift; path = QuestionsViewController.swift; sourceTree = "<group>"; };
		C17B911F26BFBD7200C99DD6 /* ScoreViewController.swift */ = {isa = PBXFileReference; lastKnownFileType = sourcecode.swift; path = ScoreViewController.swift; sourceTree = "<group>"; };
/* End PBXFileReference section */

/* Begin PBXFrameworksBuildPhase section */
		C17B90E126BBFDC600C99DD6 /* Frameworks */ = {
			isa = PBXFrameworksBuildPhase;
			buildActionMask = 2147483647;
			files = (
			);
			runOnlyForDeploymentPostprocessing = 0;
		};
		C17B90F726BBFDC800C99DD6 /* Frameworks */ = {
			isa = PBXFrameworksBuildPhase;
			buildActionMask = 2147483647;
			files = (
			);
			runOnlyForDeploymentPostprocessing = 0;
		};
		C17B910226BBFDC800C99DD6 /* Frameworks */ = {
			isa = PBXFrameworksBuildPhase;
			buildActionMask = 2147483647;
			files = (
			);
			runOnlyForDeploymentPostprocessing = 0;
		};
/* End PBXFrameworksBuildPhase section */

/* Begin PBXGroup section */
		33D46B8327A2641C0061B9D4 /* Controller */ = {
			isa = PBXGroup;
			children = (
				C17B911926BD2D7800C99DD6 /* StartViewController.swift */,
				C17B911B26BD579900C99DD6 /* QuestionsViewController.swift */,
				C17B911F26BFBD7200C99DD6 /* ScoreViewController.swift */,
			);
			path = Controller;
			sourceTree = "<group>";
		};
		33D46B8427A2642B0061B9D4 /* View */ = {
			isa = PBXGroup;
			children = (
				C17B90ED26BBFDC600C99DD6 /* Main.storyboard */,
			);
			path = View;
			sourceTree = "<group>";
		};
		33D46B8527A264620061B9D4 /* Support File */ = {
			isa = PBXGroup;
			children = (
				C17B90F226BBFDC800C99DD6 /* LaunchScreen.storyboard */,
				C17B90E726BBFDC600C99DD6 /* AppDelegate.swift */,
				C17B90E926BBFDC600C99DD6 /* SceneDelegate.swift */,
				C17B90F026BBFDC800C99DD6 /* Assets.xcassets */,
				C17B90F526BBFDC800C99DD6 /* Info.plist */,
			);
			path = "Support File";
			sourceTree = "<group>";
		};
		33D46B8627A2648A0061B9D4 /* Model */ = {
			isa = PBXGroup;
			children = (
				C17B911726BD27FD00C99DD6 /* QuestionArray.swift */,
			);
			path = Model;
			sourceTree = "<group>";
		};
		C17B90DB26BBFDC600C99DD6 = {
			isa = PBXGroup;
			children = (
				C17B90E626BBFDC600C99DD6 /* Demo0805 */,
				33D46B8527A264620061B9D4 /* Support File */,
				C17B90FD26BBFDC800C99DD6 /* Demo0805Tests */,
				C17B910826BBFDC800C99DD6 /* Demo0805UITests */,
				C17B90E526BBFDC600C99DD6 /* Products */,
			);
			sourceTree = "<group>";
		};
		C17B90E526BBFDC600C99DD6 /* Products */ = {
			isa = PBXGroup;
			children = (
				C17B90E426BBFDC600C99DD6 /* Demo0805.app */,
				C17B90FA26BBFDC800C99DD6 /* Demo0805Tests.xctest */,
				C17B910526BBFDC800C99DD6 /* Demo0805UITests.xctest */,
			);
			name = Products;
			sourceTree = "<group>";
		};
		C17B90E626BBFDC600C99DD6 /* Demo0805 */ = {
			isa = PBXGroup;
			children = (
				33D46B8627A2648A0061B9D4 /* Model */,
				33D46B8427A2642B0061B9D4 /* View */,
				33D46B8327A2641C0061B9D4 /* Controller */,
			);
			path = Demo0805;
			sourceTree = "<group>";
		};
		C17B90FD26BBFDC800C99DD6 /* Demo0805Tests */ = {
			isa = PBXGroup;
			children = (
				C17B90FE26BBFDC800C99DD6 /* Demo0805Tests.swift */,
				C17B910026BBFDC800C99DD6 /* Info.plist */,
			);
			path = Demo0805Tests;
			sourceTree = "<group>";
		};
		C17B910826BBFDC800C99DD6 /* Demo0805UITests */ = {
			isa = PBXGroup;
			children = (
				C17B910926BBFDC800C99DD6 /* Demo0805UITests.swift */,
				C17B910B26BBFDC800C99DD6 /* Info.plist */,
			);
			path = Demo0805UITests;
			sourceTree = "<group>";
		};
/* End PBXGroup section */

/* Begin PBXNativeTarget section */
		C17B90E326BBFDC600C99DD6 /* Demo0805 */ = {
			isa = PBXNativeTarget;
			buildConfigurationList = C17B910E26BBFDC800C99DD6 /* Build configuration list for PBXNativeTarget "Demo0805" */;
			buildPhases = (
				C17B90E026BBFDC600C99DD6 /* Sources */,
				C17B90E126BBFDC600C99DD6 /* Frameworks */,
				C17B90E226BBFDC600C99DD6 /* Resources */,
			);
			buildRules = (
			);
			dependencies = (
			);
			name = Demo0805;
			productName = Demo0805;
			productReference = C17B90E426BBFDC600C99DD6 /* Demo0805.app */;
			productType = "com.apple.product-type.application";
		};
		C17B90F926BBFDC800C99DD6 /* Demo0805Tests */ = {
			isa = PBXNativeTarget;
			buildConfigurationList = C17B911126BBFDC800C99DD6 /* Build configuration list for PBXNativeTarget "Demo0805Tests" */;
			buildPhases = (
				C17B90F626BBFDC800C99DD6 /* Sources */,
				C17B90F726BBFDC800C99DD6 /* Frameworks */,
				C17B90F826BBFDC800C99DD6 /* Resources */,
			);
			buildRules = (
			);
			dependencies = (
				C17B90FC26BBFDC800C99DD6 /* PBXTargetDependency */,
			);
			name = Demo0805Tests;
			productName = Demo0805Tests;
			productReference = C17B90FA26BBFDC800C99DD6 /* Demo0805Tests.xctest */;
			productType = "com.apple.product-type.bundle.unit-test";
		};
		C17B910426BBFDC800C99DD6 /* Demo0805UITests */ = {
			isa = PBXNativeTarget;
			buildConfigurationList = C17B911426BBFDC800C99DD6 /* Build configuration list for PBXNativeTarget "Demo0805UITests" */;
			buildPhases = (
				C17B910126BBFDC800C99DD6 /* Sources */,
				C17B910226BBFDC800C99DD6 /* Frameworks */,
				C17B910326BBFDC800C99DD6 /* Resources */,
			);
			buildRules = (
			);
			dependencies = (
				C17B910726BBFDC800C99DD6 /* PBXTargetDependency */,
			);
			name = Demo0805UITests;
			productName = Demo0805UITests;
			productReference = C17B910526BBFDC800C99DD6 /* Demo0805UITests.xctest */;
			productType = "com.apple.product-type.bundle.ui-testing";
		};
/* End PBXNativeTarget section */

/* Begin PBXProject section */
		C17B90DC26BBFDC600C99DD6 /* Project object */ = {
			isa = PBXProject;
			attributes = {
				LastSwiftUpdateCheck = 1250;
				LastUpgradeCheck = 1250;
				TargetAttributes = {
					C17B90E326BBFDC600C99DD6 = {
						CreatedOnToolsVersion = 12.5.1;
					};
					C17B90F926BBFDC800C99DD6 = {
						CreatedOnToolsVersion = 12.5.1;
						TestTargetID = C17B90E326BBFDC600C99DD6;
					};
					C17B910426BBFDC800C99DD6 = {
						CreatedOnToolsVersion = 12.5.1;
						TestTargetID = C17B90E326BBFDC600C99DD6;
					};
				};
			};
			buildConfigurationList = C17B90DF26BBFDC600C99DD6 /* Build configuration list for PBXProject "Demo0805" */;
			compatibilityVersion = "Xcode 9.3";
			developmentRegion = en;
			hasScannedForEncodings = 0;
			knownRegions = (
				en,
				Base,
			);
			mainGroup = C17B90DB26BBFDC600C99DD6;
			productRefGroup = C17B90E526BBFDC600C99DD6 /* Products */;
			projectDirPath = "";
			projectRoot = "";
			targets = (
				C17B90E326BBFDC600C99DD6 /* Demo0805 */,
				C17B90F926BBFDC800C99DD6 /* Demo0805Tests */,
				C17B910426BBFDC800C99DD6 /* Demo0805UITests */,
			);
		};
/* End PBXProject section */

/* Begin PBXResourcesBuildPhase section */
		C17B90E226BBFDC600C99DD6 /* Resources */ = {
			isa = PBXResourcesBuildPhase;
			buildActionMask = 2147483647;
			files = (
				33D46B8827A2869B0061B9D4 /* Main.storyboard in Resources */,
				C17B90F426BBFDC800C99DD6 /* LaunchScreen.storyboard in Resources */,
				C17B90F126BBFDC800C99DD6 /* Assets.xcassets in Resources */,
			);
			runOnlyForDeploymentPostprocessing = 0;
		};
		C17B90F826BBFDC800C99DD6 /* Resources */ = {
			isa = PBXResourcesBuildPhase;
			buildActionMask = 2147483647;
			files = (
			);
			runOnlyForDeploymentPostprocessing = 0;
		};
		C17B910326BBFDC800C99DD6 /* Resources */ = {
			isa = PBXResourcesBuildPhase;
			buildActionMask = 2147483647;
			files = (
			);
			runOnlyForDeploymentPostprocessing = 0;
		};
/* End PBXResourcesBuildPhase section */

/* Begin PBXSourcesBuildPhase section */
		C17B90E026BBFDC600C99DD6 /* Sources */ = {
			isa = PBXSourcesBuildPhase;
			buildActionMask = 2147483647;
			files = (
				C17B911826BD27FD00C99DD6 /* QuestionArray.swift in Sources */,
				C17B911C26BD579900C99DD6 /* QuestionsViewController.swift in Sources */,
				C17B911A26BD2D7800C99DD6 /* StartViewController.swift in Sources */,
				C17B90E826BBFDC600C99DD6 /* AppDelegate.swift in Sources */,
				C17B90EA26BBFDC600C99DD6 /* SceneDelegate.swift in Sources */,
				C17B912026BFBD7200C99DD6 /* ScoreViewController.swift in Sources */,
			);
			runOnlyForDeploymentPostprocessing = 0;
		};
		C17B90F626BBFDC800C99DD6 /* Sources */ = {
			isa = PBXSourcesBuildPhase;
			buildActionMask = 2147483647;
			files = (
				C17B90FF26BBFDC800C99DD6 /* Demo0805Tests.swift in Sources */,
			);
			runOnlyForDeploymentPostprocessing = 0;
		};
		C17B910126BBFDC800C99DD6 /* Sources */ = {
			isa = PBXSourcesBuildPhase;
			buildActionMask = 2147483647;
			files = (
				C17B910A26BBFDC800C99DD6 /* Demo0805UITests.swift in Sources */,
			);
			runOnlyForDeploymentPostprocessing = 0;
		};
/* End PBXSourcesBuildPhase section */

/* Begin PBXTargetDependency section */
		C17B90FC26BBFDC800C99DD6 /* PBXTargetDependency */ = {
			isa = PBXTargetDependency;
			target = C17B90E326BBFDC600C99DD6 /* Demo0805 */;
			targetProxy = C17B90FB26BBFDC800C99DD6 /* PBXContainerItemProxy */;
		};
		C17B910726BBFDC800C99DD6 /* PBXTargetDependency */ = {
			isa = PBXTargetDependency;
			target = C17B90E326BBFDC600C99DD6 /* Demo0805 */;
			targetProxy = C17B910626BBFDC800C99DD6 /* PBXContainerItemProxy */;
		};
/* End PBXTargetDependency section */

/* Begin PBXVariantGroup section */
		C17B90ED26BBFDC600C99DD6 /* Main.storyboard */ = {
			isa = PBXVariantGroup;
			children = (
				C17B90EE26BBFDC600C99DD6 /* Base */,
			);
			name = Main.storyboard;
			sourceTree = "<group>";
		};
		C17B90F226BBFDC800C99DD6 /* LaunchScreen.storyboard */ = {
			isa = PBXVariantGroup;
			children = (
				C17B90F326BBFDC800C99DD6 /* Base */,
			);
			name = LaunchScreen.storyboard;
			sourceTree = "<group>";
		};
/* End PBXVariantGroup section */

/* Begin XCBuildConfiguration section */
		C17B910C26BBFDC800C99DD6 /* Debug */ = {
			isa = XCBuildConfiguration;
			buildSettings = {
				ALWAYS_SEARCH_USER_PATHS = NO;
				CLANG_ANALYZER_NONNULL = YES;
				CLANG_ANALYZER_NUMBER_OBJECT_CONVERSION = YES_AGGRESSIVE;
				CLANG_CXX_LANGUAGE_STANDARD = "gnu++14";
				CLANG_CXX_LIBRARY = "libc++";
				CLANG_ENABLE_MODULES = YES;
				CLANG_ENABLE_OBJC_ARC = YES;
				CLANG_ENABLE_OBJC_WEAK = YES;
				CLANG_WARN_BLOCK_CAPTURE_AUTORELEASING = YES;
				CLANG_WARN_BOOL_CONVERSION = YES;
				CLANG_WARN_COMMA = YES;
				CLANG_WARN_CONSTANT_CONVERSION = YES;
				CLANG_WARN_DEPRECATED_OBJC_IMPLEMENTATIONS = YES;
				CLANG_WARN_DIRECT_OBJC_ISA_USAGE = YES_ERROR;
				CLANG_WARN_DOCUMENTATION_COMMENTS = YES;
				CLANG_WARN_EMPTY_BODY = YES;
				CLANG_WARN_ENUM_CONVERSION = YES;
				CLANG_WARN_INFINITE_RECURSION = YES;
				CLANG_WARN_INT_CONVERSION = YES;
				CLANG_WARN_NON_LITERAL_NULL_CONVERSION = YES;
				CLANG_WARN_OBJC_IMPLICIT_RETAIN_SELF = YES;
				CLANG_WARN_OBJC_LITERAL_CONVERSION = YES;
				CLANG_WARN_OBJC_ROOT_CLASS = YES_ERROR;
				CLANG_WARN_QUOTED_INCLUDE_IN_FRAMEWORK_HEADER = YES;
				CLANG_WARN_RANGE_LOOP_ANALYSIS = YES;
				CLANG_WARN_STRICT_PROTOTYPES = YES;
				CLANG_WARN_SUSPICIOUS_MOVE = YES;
				CLANG_WARN_UNGUARDED_AVAILABILITY = YES_AGGRESSIVE;
				CLANG_WARN_UNREACHABLE_CODE = YES;
				CLANG_WARN__DUPLICATE_METHOD_MATCH = YES;
				COPY_PHASE_STRIP = NO;
				DEBUG_INFORMATION_FORMAT = dwarf;
				ENABLE_STRICT_OBJC_MSGSEND = YES;
				ENABLE_TESTABILITY = YES;
				GCC_C_LANGUAGE_STANDARD = gnu11;
				GCC_DYNAMIC_NO_PIC = NO;
				GCC_NO_COMMON_BLOCKS = YES;
				GCC_OPTIMIZATION_LEVEL = 0;
				GCC_PREPROCESSOR_DEFINITIONS = (
					"DEBUG=1",
					"$(inherited)",
				);
				GCC_WARN_64_TO_32_BIT_CONVERSION = YES;
				GCC_WARN_ABOUT_RETURN_TYPE = YES_ERROR;
				GCC_WARN_UNDECLARED_SELECTOR = YES;
				GCC_WARN_UNINITIALIZED_AUTOS = YES_AGGRESSIVE;
				GCC_WARN_UNUSED_FUNCTION = YES;
				GCC_WARN_UNUSED_VARIABLE = YES;
				IPHONEOS_DEPLOYMENT_TARGET = 14.5;
				MTL_ENABLE_DEBUG_INFO = INCLUDE_SOURCE;
				MTL_FAST_MATH = YES;
				ONLY_ACTIVE_ARCH = YES;
				SDKROOT = iphoneos;
				SWIFT_ACTIVE_COMPILATION_CONDITIONS = DEBUG;
				SWIFT_OPTIMIZATION_LEVEL = "-Onone";
			};
			name = Debug;
		};
		C17B910D26BBFDC800C99DD6 /* Release */ = {
			isa = XCBuildConfiguration;
			buildSettings = {
				ALWAYS_SEARCH_USER_PATHS = NO;
				CLANG_ANALYZER_NONNULL = YES;
				CLANG_ANALYZER_NUMBER_OBJECT_CONVERSION = YES_AGGRESSIVE;
				CLANG_CXX_LANGUAGE_STANDARD = "gnu++14";
				CLANG_CXX_LIBRARY = "libc++";
				CLANG_ENABLE_MODULES = YES;
				CLANG_ENABLE_OBJC_ARC = YES;
				CLANG_ENABLE_OBJC_WEAK = YES;
				CLANG_WARN_BLOCK_CAPTURE_AUTORELEASING = YES;
				CLANG_WARN_BOOL_CONVERSION = YES;
				CLANG_WARN_COMMA = YES;
				CLANG_WARN_CONSTANT_CONVERSION = YES;
				CLANG_WARN_DEPRECATED_OBJC_IMPLEMENTATIONS = YES;
				CLANG_WARN_DIRECT_OBJC_ISA_USAGE = YES_ERROR;
				CLANG_WARN_DOCUMENTATION_COMMENTS = YES;
				CLANG_WARN_EMPTY_BODY = YES;
				CLANG_WARN_ENUM_CONVERSION = YES;
				CLANG_WARN_INFINITE_RECURSION = YES;
				CLANG_WARN_INT_CONVERSION = YES;
				CLANG_WARN_NON_LITERAL_NULL_CONVERSION = YES;
				CLANG_WARN_OBJC_IMPLICIT_RETAIN_SELF = YES;
				CLANG_WARN_OBJC_LITERAL_CONVERSION = YES;
				CLANG_WARN_OBJC_ROOT_CLASS = YES_ERROR;
				CLANG_WARN_QUOTED_INCLUDE_IN_FRAMEWORK_HEADER = YES;
				CLANG_WARN_RANGE_LOOP_ANALYSIS = YES;
				CLANG_WARN_STRICT_PROTOTYPES = YES;
				CLANG_WARN_SUSPICIOUS_MOVE = YES;
				CLANG_WARN_UNGUARDED_AVAILABILITY = YES_AGGRESSIVE;
				CLANG_WARN_UNREACHABLE_CODE = YES;
				CLANG_WARN__DUPLICATE_METHOD_MATCH = YES;
				COPY_PHASE_STRIP = NO;
				DEBUG_INFORMATION_FORMAT = "dwarf-with-dsym";
				ENABLE_NS_ASSERTIONS = NO;
				ENABLE_STRICT_OBJC_MSGSEND = YES;
				GCC_C_LANGUAGE_STANDARD = gnu11;
				GCC_NO_COMMON_BLOCKS = YES;
				GCC_WARN_64_TO_32_BIT_CONVERSION = YES;
				GCC_WARN_ABOUT_RETURN_TYPE = YES_ERROR;
				GCC_WARN_UNDECLARED_SELECTOR = YES;
				GCC_WARN_UNINITIALIZED_AUTOS = YES_AGGRESSIVE;
				GCC_WARN_UNUSED_FUNCTION = YES;
				GCC_WARN_UNUSED_VARIABLE = YES;
				IPHONEOS_DEPLOYMENT_TARGET = 14.5;
				MTL_ENABLE_DEBUG_INFO = NO;
				MTL_FAST_MATH = YES;
				SDKROOT = iphoneos;
				SWIFT_COMPILATION_MODE = wholemodule;
				SWIFT_OPTIMIZATION_LEVEL = "-O";
				VALIDATE_PRODUCT = YES;
			};
			name = Release;
		};
		C17B910F26BBFDC800C99DD6 /* Debug */ = {
			isa = XCBuildConfiguration;
			buildSettings = {
				ASSETCATALOG_COMPILER_APPICON_NAME = AppIcon;
				ASSETCATALOG_COMPILER_GLOBAL_ACCENT_COLOR_NAME = AccentColor;
				CODE_SIGN_STYLE = Automatic;
				DEVELOPMENT_TEAM = FGKXM2K65T;
				INFOPLIST_FILE = Demo0805/Info.plist;
				LD_RUNPATH_SEARCH_PATHS = (
					"$(inherited)",
					"@executable_path/Frameworks",
				);
				PRODUCT_BUNDLE_IDENTIFIER = io.lulu.Demo0805;
				PRODUCT_NAME = "$(TARGET_NAME)";
				SWIFT_VERSION = 5.0;
				TARGETED_DEVICE_FAMILY = "1,2";
			};
			name = Debug;
		};
		C17B911026BBFDC800C99DD6 /* Release */ = {
			isa = XCBuildConfiguration;
			buildSettings = {
				ASSETCATALOG_COMPILER_APPICON_NAME = AppIcon;
				ASSETCATALOG_COMPILER_GLOBAL_ACCENT_COLOR_NAME = AccentColor;
				CODE_SIGN_STYLE = Automatic;
				DEVELOPMENT_TEAM = FGKXM2K65T;
				INFOPLIST_FILE = Demo0805/Info.plist;
				LD_RUNPATH_SEARCH_PATHS = (
					"$(inherited)",
					"@executable_path/Frameworks",
				);
				PRODUCT_BUNDLE_IDENTIFIER = io.lulu.Demo0805;
				PRODUCT_NAME = "$(TARGET_NAME)";
				SWIFT_VERSION = 5.0;
				TARGETED_DEVICE_FAMILY = "1,2";
			};
			name = Release;
		};
		C17B911226BBFDC800C99DD6 /* Debug */ = {
			isa = XCBuildConfiguration;
			buildSettings = {
				ALWAYS_EMBED_SWIFT_STANDARD_LIBRARIES = YES;
				BUNDLE_LOADER = "$(TEST_HOST)";
				CODE_SIGN_STYLE = Automatic;
				DEVELOPMENT_TEAM = FGKXM2K65T;
				INFOPLIST_FILE = Demo0805Tests/Info.plist;
				IPHONEOS_DEPLOYMENT_TARGET = 14.5;
				LD_RUNPATH_SEARCH_PATHS = (
					"$(inherited)",
					"@executable_path/Frameworks",
					"@loader_path/Frameworks",
				);
				PRODUCT_BUNDLE_IDENTIFIER = io.lulu.Demo0805Tests;
				PRODUCT_NAME = "$(TARGET_NAME)";
				SWIFT_VERSION = 5.0;
				TARGETED_DEVICE_FAMILY = "1,2";
				TEST_HOST = "$(BUILT_PRODUCTS_DIR)/Demo0805.app/Demo0805";
			};
			name = Debug;
		};
		C17B911326BBFDC800C99DD6 /* Release */ = {
			isa = XCBuildConfiguration;
			buildSettings = {
				ALWAYS_EMBED_SWIFT_STANDARD_LIBRARIES = YES;
				BUNDLE_LOADER = "$(TEST_HOST)";
				CODE_SIGN_STYLE = Automatic;
				DEVELOPMENT_TEAM = FGKXM2K65T;
				INFOPLIST_FILE = Demo0805Tests/Info.plist;
				IPHONEOS_DEPLOYMENT_TARGET = 14.5;
				LD_RUNPATH_SEARCH_PATHS = (
					"$(inherited)",
					"@executable_path/Frameworks",
					"@loader_path/Frameworks",
				);
				PRODUCT_BUNDLE_IDENTIFIER = io.lulu.Demo0805Tests;
				PRODUCT_NAME = "$(TARGET_NAME)";
				SWIFT_VERSION = 5.0;
				TARGETED_DEVICE_FAMILY = "1,2";
				TEST_HOST = "$(BUILT_PRODUCTS_DIR)/Demo0805.app/Demo0805";
			};
			name = Release;
		};
		C17B911526BBFDC800C99DD6 /* Debug */ = {
			isa = XCBuildConfiguration;
			buildSettings = {
				ALWAYS_EMBED_SWIFT_STANDARD_LIBRARIES = YES;
				CODE_SIGN_STYLE = Automatic;
				DEVELOPMENT_TEAM = FGKXM2K65T;
				INFOPLIST_FILE = Demo0805UITests/Info.plist;
				LD_RUNPATH_SEARCH_PATHS = (
					"$(inherited)",
					"@executable_path/Frameworks",
					"@loader_path/Frameworks",
				);
				PRODUCT_BUNDLE_IDENTIFIER = io.lulu.Demo0805UITests;
				PRODUCT_NAME = "$(TARGET_NAME)";
				SWIFT_VERSION = 5.0;
				TARGETED_DEVICE_FAMILY = "1,2";
				TEST_TARGET_NAME = Demo0805;
			};
			name = Debug;
		};
		C17B911626BBFDC800C99DD6 /* Release */ = {
			isa = XCBuildConfiguration;
			buildSettings = {
				ALWAYS_EMBED_SWIFT_STANDARD_LIBRARIES = YES;
				CODE_SIGN_STYLE = Automatic;
				DEVELOPMENT_TEAM = FGKXM2K65T;
				INFOPLIST_FILE = Demo0805UITests/Info.plist;
				LD_RUNPATH_SEARCH_PATHS = (
					"$(inherited)",
					"@executable_path/Frameworks",
					"@loader_path/Frameworks",
				);
				PRODUCT_BUNDLE_IDENTIFIER = io.lulu.Demo0805UITests;
				PRODUCT_NAME = "$(TARGET_NAME)";
				SWIFT_VERSION = 5.0;
				TARGETED_DEVICE_FAMILY = "1,2";
				TEST_TARGET_NAME = Demo0805;
			};
			name = Release;
		};
/* End XCBuildConfiguration section */

/* Begin XCConfigurationList section */
		C17B90DF26BBFDC600C99DD6 /* Build configuration list for PBXProject "Demo0805" */ = {
			isa = XCConfigurationList;
			buildConfigurations = (
				C17B910C26BBFDC800C99DD6 /* Debug */,
				C17B910D26BBFDC800C99DD6 /* Release */,
			);
			defaultConfigurationIsVisible = 0;
			defaultConfigurationName = Release;
		};
		C17B910E26BBFDC800C99DD6 /* Build configuration list for PBXNativeTarget "Demo0805" */ = {
			isa = XCConfigurationList;
			buildConfigurations = (
				C17B910F26BBFDC800C99DD6 /* Debug */,
				C17B911026BBFDC800C99DD6 /* Release */,
			);
			defaultConfigurationIsVisible = 0;
			defaultConfigurationName = Release;
		};
		C17B911126BBFDC800C99DD6 /* Build configuration list for PBXNativeTarget "Demo0805Tests" */ = {
			isa = XCConfigurationList;
			buildConfigurations = (
				C17B911226BBFDC800C99DD6 /* Debug */,
				C17B911326BBFDC800C99DD6 /* Release */,
			);
			defaultConfigurationIsVisible = 0;
			defaultConfigurationName = Release;
		};
		C17B911426BBFDC800C99DD6 /* Build configuration list for PBXNativeTarget "Demo0805UITests" */ = {
			isa = XCConfigurationList;
			buildConfigurations = (
				C17B911526BBFDC800C99DD6 /* Debug */,
				C17B911626BBFDC800C99DD6 /* Release */,
			);
			defaultConfigurationIsVisible = 0;
			defaultConfigurationName = Release;
		};
/* End XCConfigurationList section */
	};
	rootObject = C17B90DC26BBFDC600C99DD6 /* Project object */;
}
